
Microsoft Visual Studio Solution File, Format Version 12.00
# Visual Studio Version 17
VisualStudioVersion = 17.11.35312.102
MinimumVisualStudioVersion = 10.0.40219.1
Project("{FAE04EC0-301F-11D3-BF4B-00C04F79EFBC}") = "Investigating the ability to construct a triangle", "Investigating the ability to construct a triangle\Investigating the ability to construct a triangle.csproj", "{E861FD4E-69E0-4E0C-AF9D-01A37D9E793E}"
EndProject
Global
	GlobalSection(SolutionConfigurationPlatforms) = preSolution
		Debug|Any CPU = Debug|Any CPU
		Release|Any CPU = Release|Any CPU
	EndGlobalSection
	GlobalSection(ProjectConfigurationPlatforms) = postSolution
		{E861FD4E-69E0-4E0C-AF9D-01A37D9E793E}.Debug|Any CPU.ActiveCfg = Debug|Any CPU
		{E861FD4E-69E0-4E0C-AF9D-01A37D9E793E}.Debug|Any CPU.Build.0 = Debug|Any CPU
		{E861FD4E-69E0-4E0C-AF9D-01A37D9E793E}.Release|Any CPU.ActiveCfg = Release|Any CPU
		{E861FD4E-69E0-4E0C-AF9D-01A37D9E793E}.Release|Any CPU.Build.0 = Release|Any CPU
	EndGlobalSection
	GlobalSection(SolutionProperties) = preSolution
		HideSolutionNode = FALSE
	EndGlobalSection
	GlobalSection(ExtensibilityGlobals) = postSolution
		SolutionGuid = {305C9E5A-ACEE-495E-81B1-0A384EAFEE70}
	EndGlobalSection
EndGlobal
