
Microsoft Visual Studio Solution File, Format Version 12.00
# Visual Studio Version 17
VisualStudioVersion = 17.11.35312.102
MinimumVisualStudioVersion = 10.0.40219.1
Project("{FAE04EC0-301F-11D3-BF4B-00C04F79EFBC}") = "Find Longest Increasing Continuous Subarray", "Find Longest Increasing Continuous Subarray\Find Longest Increasing Continuous Subarray.csproj", "{A51A8443-9F84-4D8E-BA43-A93BBB7BF899}"
EndProject
Global
	GlobalSection(SolutionConfigurationPlatforms) = preSolution
		Debug|Any CPU = Debug|Any CPU
		Release|Any CPU = Release|Any CPU
	EndGlobalSection
	GlobalSection(ProjectConfigurationPlatforms) = postSolution
		{A51A8443-9F84-4D8E-BA43-A93BBB7BF899}.Debug|Any CPU.ActiveCfg = Debug|Any CPU
		{A51A8443-9F84-4D8E-BA43-A93BBB7BF899}.Debug|Any CPU.Build.0 = Debug|Any CPU
		{A51A8443-9F84-4D8E-BA43-A93BBB7BF899}.Release|Any CPU.ActiveCfg = Release|Any CPU
		{A51A8443-9F84-4D8E-BA43-A93BBB7BF899}.Release|Any CPU.Build.0 = Release|Any CPU
	EndGlobalSection
	GlobalSection(SolutionProperties) = preSolution
		HideSolutionNode = FALSE
	EndGlobalSection
	GlobalSection(ExtensibilityGlobals) = postSolution
		SolutionGuid = {439C01FA-631A-4CEE-91AE-289807A8F09D}
	EndGlobalSection
EndGlobal
