
Microsoft Visual Studio Solution File, Format Version 12.00
# Visual Studio Version 17
VisualStudioVersion = 17.11.35312.102
MinimumVisualStudioVersion = 10.0.40219.1
Project("{9A19103F-16F7-4668-BE54-9A1E7A4F7556}") = "Reverse the digits of a number", "Reverse the digits of a number without converting to a string\Reverse the digits of a number.csproj", "{D199080E-DEDB-4CCE-8127-7D43540218D4}"
EndProject
Global
	GlobalSection(SolutionConfigurationPlatforms) = preSolution
		Debug|Any CPU = Debug|Any CPU
		Release|Any CPU = Release|Any CPU
	EndGlobalSection
	GlobalSection(ProjectConfigurationPlatforms) = postSolution
		{D199080E-DEDB-4CCE-8127-7D43540218D4}.Debug|Any CPU.ActiveCfg = Debug|Any CPU
		{D199080E-DEDB-4CCE-8127-7D43540218D4}.Debug|Any CPU.Build.0 = Debug|Any CPU
		{D199080E-DEDB-4CCE-8127-7D43540218D4}.Release|Any CPU.ActiveCfg = Release|Any CPU
		{D199080E-DEDB-4CCE-8127-7D43540218D4}.Release|Any CPU.Build.0 = Release|Any CPU
	EndGlobalSection
	GlobalSection(SolutionProperties) = preSolution
		HideSolutionNode = FALSE
	EndGlobalSection
	GlobalSection(ExtensibilityGlobals) = postSolution
		SolutionGuid = {C27DF202-2112-433A-A842-45C67A234C4A}
	EndGlobalSection
EndGlobal
