
Microsoft Visual Studio Solution File, Format Version 12.00
# Visual Studio Version 17
VisualStudioVersion = 17.11.35312.102
MinimumVisualStudioVersion = 10.0.40219.1
Project("{FAE04EC0-301F-11D3-BF4B-00C04F79EFBC}") = "Product of three numbers in an array", "Product of three numbers in an array\Product of three numbers in an array.csproj", "{79962B0A-FFE6-461C-B32E-6B54C8C03F5D}"
EndProject
Global
	GlobalSection(SolutionConfigurationPlatforms) = preSolution
		Debug|Any CPU = Debug|Any CPU
		Release|Any CPU = Release|Any CPU
	EndGlobalSection
	GlobalSection(ProjectConfigurationPlatforms) = postSolution
		{79962B0A-FFE6-461C-B32E-6B54C8C03F5D}.Debug|Any CPU.ActiveCfg = Debug|Any CPU
		{79962B0A-FFE6-461C-B32E-6B54C8C03F5D}.Debug|Any CPU.Build.0 = Debug|Any CPU
		{79962B0A-FFE6-461C-B32E-6B54C8C03F5D}.Release|Any CPU.ActiveCfg = Release|Any CPU
		{79962B0A-FFE6-461C-B32E-6B54C8C03F5D}.Release|Any CPU.Build.0 = Release|Any CPU
	EndGlobalSection
	GlobalSection(SolutionProperties) = preSolution
		HideSolutionNode = FALSE
	EndGlobalSection
	GlobalSection(ExtensibilityGlobals) = postSolution
		SolutionGuid = {E54C5AE5-5D64-48A8-B8BF-FC057B319CCD}
	EndGlobalSection
EndGlobal
